{
    "_meta": {
        "hash": {
            "sha256": "393c0fe2e215febf206ee3b56c5849a444be49d10a4c74721a9618b3dbf3f2be"
        },
        "pipfile-spec": 6,
        "requires": {
            "python_version": "3"
        },
        "sources": [
            {
                "name": "pypi",
                "url": "https://pypi.org/simple",
                "verify_ssl": true
            }
        ]
    },
    "default": {
        "certifi": {
            "hashes": [
                "sha256:339dc09518b07e2fa7eda5450740925974815557727d6bd35d319c1524a04a4c",
                "sha256:6d58c986d22b038c8c0df30d639f23a3e6d172a05c3583e766f4c0b785c0986a"
            ],
            "version": "==2018.10.15"
        },
        "chardet": {
            "hashes": [
                "sha256:84ab92ed1c4d4f16916e05906b6b75a6c0fb5db821cc65e70cbd64a3e2a5eaae",
                "sha256:fc323ffcaeaed0e0a02bf4d117757b98aed530d9ed4531e3e15460124c106691"
            ],
            "version": "==3.0.4"
        },
        "clarifai": {
            "hashes": [
                "sha256:96f89a2a317f9397b3922171a876682197b8487ab4b229b0c6ec9815a99b5eb9",
                "sha256:a7fa9f7bc867df45dc8e3a0c2680f2f90f9b5cf7ee09e3cbed297ed4db6bee06"
            ],
            "index": "pypi",
            "version": "==2.4.1"
        },
        "configparser": {
            "hashes": [
                "sha256:5308b47021bc2340965c371f0f058cc6971a04502638d4244225c49d80db273a"
            ],
            "version": "==3.5.0"
        },
        "coverage": {
            "hashes": [
                "sha256:09e47c529ff77bf042ecfe858fb55c3e3eb97aac2c87f0349ab5a7efd6b3939f",
                "sha256:0a1f9b0eb3aa15c990c328535655847b3420231af299386cfe5efc98f9c250fe",
                "sha256:0cc941b37b8c2ececfed341444a456912e740ecf515d560de58b9a76562d966d",
                "sha256:10e8af18d1315de936d67775d3a814cc81d0747a1a0312d84e27ae5610e313b0",
                "sha256:1b4276550b86caa60606bd3572b52769860a81a70754a54acc8ba789ce74d607",
                "sha256:1e8a2627c48266c7b813975335cfdea58c706fe36f607c97d9392e61502dc79d",
                "sha256:2b224052bfd801beb7478b03e8a66f3f25ea56ea488922e98903914ac9ac930b",
                "sha256:447c450a093766744ab53bf1e7063ec82866f27bcb4f4c907da25ad293bba7e3",
                "sha256:46101fc20c6f6568561cdd15a54018bb42980954b79aa46da8ae6f008066a30e",
                "sha256:4710dc676bb4b779c4361b54eb308bc84d64a2fa3d78e5f7228921eccce5d815",
                "sha256:510986f9a280cd05189b42eee2b69fecdf5bf9651d4cd315ea21d24a964a3c36",
                "sha256:5535dda5739257effef56e49a1c51c71f1d37a6e5607bb25a5eee507c59580d1",
                "sha256:5a7524042014642b39b1fcae85fb37556c200e64ec90824ae9ecf7b667ccfc14",
                "sha256:5f55028169ef85e1fa8e4b8b1b91c0b3b0fa3297c4fb22990d46ff01d22c2d6c",
                "sha256:6694d5573e7790a0e8d3d177d7a416ca5f5c150742ee703f3c18df76260de794",
                "sha256:6831e1ac20ac52634da606b658b0b2712d26984999c9d93f0c6e59fe62ca741b",
                "sha256:77f0d9fa5e10d03aa4528436e33423bfa3718b86c646615f04616294c935f840",
                "sha256:828ad813c7cdc2e71dcf141912c685bfe4b548c0e6d9540db6418b807c345ddd",
                "sha256:85a06c61598b14b015d4df233d249cd5abfa61084ef5b9f64a48e997fd829a82",
                "sha256:8cb4febad0f0b26c6f62e1628f2053954ad2c555d67660f28dfb1b0496711952",
                "sha256:a5c58664b23b248b16b96253880b2868fb34358911400a7ba39d7f6399935389",
                "sha256:aaa0f296e503cda4bc07566f592cd7a28779d433f3a23c48082af425d6d5a78f",
                "sha256:ab235d9fe64833f12d1334d29b558aacedfbca2356dfb9691f2d0d38a8a7bfb4",
                "sha256:b3b0c8f660fae65eac74fbf003f3103769b90012ae7a460863010539bb7a80da",
                "sha256:bab8e6d510d2ea0f1d14f12642e3f35cefa47a9b2e4c7cea1852b52bc9c49647",
                "sha256:c45297bbdbc8bb79b02cf41417d63352b70bcb76f1bbb1ee7d47b3e89e42f95d",
                "sha256:d19bca47c8a01b92640c614a9147b081a1974f69168ecd494687c827109e8f42",
                "sha256:d64b4340a0c488a9e79b66ec9f9d77d02b99b772c8b8afd46c1294c1d39ca478",
                "sha256:da969da069a82bbb5300b59161d8d7c8d423bc4ccd3b410a9b4d8932aeefc14b",
                "sha256:ed02c7539705696ecb7dc9d476d861f3904a8d2b7e894bd418994920935d36bb",
                "sha256:ee5b8abc35b549012e03a7b1e86c09491457dba6c94112a2482b18589cc2bdb9"
            ],
            "index": "pypi",
            "version": "==4.5.2"
        },
        "enum34": {
            "hashes": [
                "sha256:2d81cbbe0e73112bdfe6ef8576f2238f2ba27dd0d55752a776c41d38b7da2850",
                "sha256:644837f692e5f550741432dd3f223bbb9852018674981b1664e5dc339387588a",
                "sha256:6bd0f6ad48ec2aa117d3d141940d484deccda84d4fcd884f5c3d93c23ecd8c79",
                "sha256:8ad8c4783bf61ded74527bffb48ed9b54166685e4230386a9ed9b1279e2df5b1"
            ],
            "version": "==1.1.6"
        },
        "future": {
            "hashes": [
                "sha256:67045236dcfd6816dc439556d009594abf643e5eb48992e36beac09c2ca659b8"
            ],
            "version": "==0.17.1"
        },
        "googleapis-common-protos": {
            "hashes": [
                "sha256:0946967c4c29b1339bb211949e1e17dbe0ae9ff8265fafa7bf4cf2164ef5a3b1"
            ],
            "version": "==1.5.5"
        },
        "grpcio": {
            "hashes": [
                "sha256:09a37a0121215740fb39c5e20afa2d40a4731799d8b7dc61d854a75c9299b6a2",
                "sha256:2d06536bcfb6c83e9074b86ce88ae7b2faedfaac5e8cb261b8edb47b3b14dc59",
                "sha256:32d967ed8e09c1ef71126fbbe0d2f3bc8d1f7500ae6065b4dd271e0822b83650",
                "sha256:41bf456665d666d0a07cb1b363626745dc1a98b02395acd666b36c929133a72a",
                "sha256:446b40a37250acb2555962df900e0ce7d5c7e8b9c5353bd786b75a389d2b67a7",
                "sha256:5315dfc229223c6e18134e1ad1bec1306372ab74ef4ccee4eebdf4f6e8e149ff",
                "sha256:5764615ae4c2bb3de6b8498714c64507ea6bca9461d4fc4421af632491e55139",
                "sha256:58b09826e26f7842aca2f81fb4c7169fdff3e58c4b1b635a8a2cd0b3a216ea74",
                "sha256:6a6f5bfd3e23ac43dcb11e7ae8ca499c5a283df138d0f70f05cc2a46dd0599d2",
                "sha256:703e431ca770b924f85d14bb02a1ebcebf70541a068b4cbc4a1f2fe88cc4e997",
                "sha256:78b99a433b8ee41d878facd76c6877a688b5f1e07634968bf3f86fdf0557510e",
                "sha256:7907cc0119988532e30594bb3c97d78d3e0998d15a0623d7223bbd4db2fcace3",
                "sha256:7b4467b7ba0db4c506c8c689461d75c4d4e626edde2e1b666fba35f473b9c671",
                "sha256:7e78e05df820136eff85056253411bc2598ef3c3395508ade7373800825511fb",
                "sha256:7e8c15407b5d85cb7ea580e2e272af4063dcdbb1b0ee93f0131ba3b345679bd2",
                "sha256:7eae9240a6ad2097f835f5f93050e0ad9440ff50799215b70c9950e743b7c685",
                "sha256:817b6c479ff3edd05bc89bbff5ab1ba89392af81894cc27ae6a47d741ca375c6",
                "sha256:836e3ccac59c4b3222915d2b6440b1ab13191be15d004cd7ab9fcac5946249fe",
                "sha256:8b9b2c5084b883b52c705838b132ddbd5138f64bf21c1fdbeaf854598f9131f3",
                "sha256:9a6eaa71d328347fb13f6a3fb4d1564cc393dc37b6d07f37e84c78d8f605b548",
                "sha256:9afe4584a7c9928588be3b6340eea887f241e3b470a6cad9827e8f2cd3a90273",
                "sha256:9bff46dd43773329fbca3f19b2b07c0be9ec43c5a57a98ef77b7faa810d452e3",
                "sha256:a73f989e45b34d211719a62d565ea13db32c7ae741fff5746126b2aacb31a0be",
                "sha256:a7a0fa9df943ba46fde64083cf18579c34ae73a56e765e8b3dcf36eed0ad1bdb",
                "sha256:a7e6c986b0d12e7fa70faba37fec4cf7366cdba603a6548a79c6e2ed1db906a5",
                "sha256:bdad37e6dfcd70524b712e45e7bac7cc05caa2eca563b0c072b5fcdc9dc34468",
                "sha256:c0c624efc1fc1433588efb38011a570d1939b23001ef1dfec06ef1734cf00e7e",
                "sha256:d2c17d4a1fee746e7d122c84ca9733347beb449bfc0afdba36ad292871d62f4f",
                "sha256:d6c798506312648758ee774281f64469109b834f19e5de1a800451ef1d4e276b",
                "sha256:dd2dfc067acea55c89f6b2b63a4c96b84534a3073509277ff980c44bfcf3314f",
                "sha256:df316ce5b353d8ecb9fdff4c5bedb86964d4f46cf979825a444cc3e03d5ce2d5",
                "sha256:e6dc1ed826107f782f300774dd933eadfe54784a5225a0a5af4a31821a440136"
            ],
            "version": "==1.16.1"
        },
        "idna": {
            "hashes": [
                "sha256:156a6814fb5ac1fc6850fb002e0852d56c0c8d2531923a51032d1b70760e186e",
                "sha256:684a38a6f903c1d71d6d5fac066b58d7768af4de2b832e426ec79c30daa94a16"
            ],
            "version": "==2.7"
        },
        "jsonschema": {
            "hashes": [
                "sha256:000e68abd33c972a5248544925a0cae7d1125f9bf6c58280d37546b946769a08",
                "sha256:6ff5f3180870836cae40f06fa10419f557208175f13ad7bc26caa77beb1f6e02"
            ],
            "version": "==2.6.0"
        },
        "mock": {
            "hashes": [
                "sha256:5ce3c71c5545b472da17b72268978914d0252980348636840bd34a00b5cc96c1",
                "sha256:b158b6df76edd239b8208d481dc46b6afd45a846b7812ff0ce58971cf5bc8bba"
            ],
            "index": "pypi",
            "version": "==2.0.0"
        },
        "oauthlib": {
            "hashes": [
                "sha256:ac35665a61c1685c56336bda97d5eefa246f1202618a1d6f34fccb1bdd404162",
                "sha256:d883b36b21a6ad813953803edfa563b1b579d79ca758fe950d1bc9e8b326025b"
            ],
            "version": "==2.1.0"
        },
        "pbr": {
            "hashes": [
                "sha256:f59d71442f9ece3dffc17bc36575768e1ee9967756e6b6535f0ee1f0054c3d68",
                "sha256:f6d5b23f226a2ba58e14e49aa3b1bfaf814d0199144b95d78458212444de1387"
            ],
            "version": "==5.1.1"
        },
        "picamera": {
            "hashes": [
                "sha256:890815aa01e4d855a6a95dd3ad0953b872a6b954982106407df0c5a31a163e50"
            ],
            "index": "pypi",
            "markers": "os_name == 'pi'",
            "version": "==1.13"
        },
        "pocketsphinx": {
            "hashes": [
                "sha256:1c2a8cc7f2032f9e8214f5e4e864511fe37bfd27f2045fbf8aed9c54569dc881",
                "sha256:1f3eaca1b49d579e89e909bb101ad033493a1c9dddd8c72afd6b755c70365d56",
                "sha256:34d290745c7dbe6fa2cac9815b5c19d10f393e528ecd70e779c21ebc448f9b63",
                "sha256:3f438f9f5729a7629c122784697884cff5f2a2e022aef270a4081985d15eae88",
                "sha256:41d2107b74597cf8444f9e36b91363d60097b4fa88a9c750760a85209deef439",
                "sha256:667152b4139ba46de172fa627404fe284b2ecd5d6bfcfe905b068801324ba7fb",
                "sha256:71e7cf04433615e21ad3c28a2cc2daa43e96e570f2611f142eb3468f4f7789a6",
                "sha256:72286c3ecaa6641d426ca80bd4d1b3241c26b1703af419429ef779719e007443",
                "sha256:855c6761d008cdb4fc2d9aded5c1a0f163ce901f8b64075d36a88ae7814af755",
                "sha256:8ca14694d7cc111796e63c13c61420553a43a29c63c386c975bfc213d8da3e55",
                "sha256:9b477fcf8829f53ab470fdcf3fa77db00d71eee321353d10b306f0e5b95e8591",
                "sha256:bfbbeddb20196abbb04b8f7b5dc03628c7df0dc87e760326d76d37b27fb9d6f9",
                "sha256:d20b497369bd108dd135b3d4eed1d3edd2c8b51b1b696e67600adbfff2fe3316",
                "sha256:e2a4f22cddec68e75e796068ae82095dd8dba1187aa3a8abe305bdc6c565e8b4",
                "sha256:f0fdfe162bc99590e8666251a55d6311ac4cb137482a871f93d38b1834251253"
            ],
            "index": "pypi",
            "version": "==0.1.15"
        },
        "protobuf": {
            "hashes": [
                "sha256:10394a4d03af7060fa8a6e1cbf38cea44be1467053b0aea5bbfcb4b13c4b88c4",
                "sha256:1489b376b0f364bcc6f89519718c057eb191d7ad6f1b395ffd93d1aa45587811",
                "sha256:1931d8efce896981fe410c802fd66df14f9f429c32a72dd9cfeeac9815ec6444",
                "sha256:196d3a80f93c537f27d2a19a4fafb826fb4c331b0b99110f985119391d170f96",
                "sha256:46e34fdcc2b1f2620172d3a4885128705a4e658b9b62355ae5e98f9ea19f42c2",
                "sha256:4b92e235a3afd42e7493b281c8b80c0c65cbef45de30f43d571d1ee40a1f77ef",
                "sha256:574085a33ca0d2c67433e5f3e9a0965c487410d6cb3406c83bdaf549bfc2992e",
                "sha256:59cd75ded98094d3cf2d79e84cdb38a46e33e7441b2826f3838dcc7c07f82995",
                "sha256:5ee0522eed6680bb5bac5b6d738f7b0923b3cafce8c4b1a039a6107f0841d7ed",
                "sha256:65917cfd5da9dfc993d5684643063318a2e875f798047911a9dd71ca066641c9",
                "sha256:685bc4ec61a50f7360c9fd18e277b65db90105adbf9c79938bd315435e526b90",
                "sha256:92e8418976e52201364a3174e40dc31f5fd8c147186d72380cbda54e0464ee19",
                "sha256:9335f79d1940dfb9bcaf8ec881fb8ab47d7a2c721fb8b02949aab8bbf8b68625",
                "sha256:a7ee3bb6de78185e5411487bef8bc1c59ebd97e47713cba3c460ef44e99b3db9",
                "sha256:ceec283da2323e2431c49de58f80e1718986b79be59c266bb0509cbf90ca5b9e",
                "sha256:fcfc907746ec22716f05ea96b7f41597dfe1a1c088f861efb8a0d4f4196a6f10"
            ],
            "version": "==3.6.1"
        },
        "pyaudio": {
            "hashes": [
                "sha256:0d92f6a294565260a282f7c9a0b0d309fc8cc988b5ee5b50645634ab9e2da7f7",
                "sha256:259bb9c1363be895b4f9a97e320a6017dd06bc540728c1a04eb4a7b6fe75035b",
                "sha256:2a19bdb8ec1445b4f3e4b7b109e0e4cec1fd1f1ce588592aeb6db0b58d4fb3b0",
                "sha256:51b558d1b28c68437b53218279110db44f69f3f5dd3d81859f569a4a96962bdc",
                "sha256:589bfad2c615dd4b5d3757e763019c42ab82f06fba5cae64ec02fd7f5ae407ed",
                "sha256:8f89075b4844ea94dde0c951c2937581c989fabd4df09bfd3f075035f50955df",
                "sha256:93bfde30e0b64e63a46f2fd77e85c41fd51182a4a3413d9edfaf9ffaa26efb74",
                "sha256:cf1543ba50bd44ac0d0ab5c035bb9c3127eb76047ff12235149d9adf86f532b6",
                "sha256:f78d543a98b730e64621ebf7f3e2868a79ade0a373882ef51c0293455ffa8e6e"
            ],
            "index": "pypi",
            "version": "==0.2.11"
        },
        "pysocks": {
            "hashes": [
                "sha256:3fe52c55890a248676fd69dc9e3c4e811718b777834bcaab7a8125cf9deac672"
            ],
            "version": "==1.6.8"
        },
        "python-dotenv": {
            "hashes": [
                "sha256:122290a38ece9fe4f162dc7c95cae3357b983505830a154d3c98ef7f6c6cea77",
                "sha256:4a205787bc829233de2a823aa328e44fd9996fedb954989a21f1fc67c13d7a77"
            ],
            "index": "pypi",
            "version": "==0.9.1"
        },
        "requests": {
            "hashes": [
                "sha256:65b3a120e4329e33c9889db89c80976c5272f56ea92d3e74da8a463992e3ff54",
                "sha256:ea881206e59f41dbd0bd445437d792e43906703fff75ca8ff43ccdb11f33f263"
            ],
            "version": "==2.20.1"
        },
        "requests-oauthlib": {
            "hashes": [
                "sha256:8886bfec5ad7afb391ed5443b1f697c6f4ae98d0e5620839d8b4499c032ada3f",
                "sha256:e21232e2465808c0e892e0e4dbb8c2faafec16ac6dc067dd546e9b466f3deac8"
            ],
            "version": "==1.0.0"
        },
        "rpi": {
            "git": "https://github.com/nosix/raspberry-gpio-emulator/",
            "ref": "beb3079b51d9e8858732c0bb9f74b0a0d6f9c8f3"
        },
        "six": {
            "hashes": [
                "sha256:70e8a77beed4562e7f14fe23a786b54f6296e34344c23bc42f07b15018ff98e9",
                "sha256:832dc0e10feb1aa2c68dcc57dbb658f1c7e65b9b61af69048abc87a2db00a0eb"
            ],
            "version": "==1.11.0"
        },
        "speechrecognition": {
            "hashes": [
                "sha256:4d8f73a0c05ec70331c3bacaa89ecc06dfa8d9aba0899276664cda06ab597e8e"
            ],
            "index": "pypi",
            "version": "==3.8.1"
        },
        "tweepy": {
            "hashes": [
                "sha256:0895e79fe98127787c8debb62c283cb876e8b65fbbcf90cb988dba2c606f6260",
                "sha256:901500666de5e265d93e611dc05066bb020481c85550d6bcbf8030212938902c"
            ],
            "index": "pypi",
            "version": "==3.6.0"
        },
        "urllib3": {
            "hashes": [
                "sha256:61bf29cada3fc2fbefad4fdf059ea4bd1b4a86d2b6d15e1c7c0b582b9752fe39",
                "sha256:de9529817c93f27c8ccbfead6985011db27bd0ddfcdb2d86f3f663385c6a9c22"
            ],
            "version": "==1.24.1"
        }
    },
    "develop": {
        "astroid": {
            "hashes": [
                "sha256:292fa429e69d60e4161e7612cb7cc8fa3609e2e309f80c224d93a76d5e7b58be",
                "sha256:c7013d119ec95eb626f7a2011f0b63d0c9a095df9ad06d8507b37084eada1a8d"
            ],
            "version": "==2.0.4"
        },
        "isort": {
            "hashes": [
                "sha256:1153601da39a25b14ddc54955dbbacbb6b2d19135386699e2ad58517953b34af",
                "sha256:b9c40e9750f3d77e6e4d441d8b0266cf555e7cdabdcff33c4fd06366ca761ef8",
                "sha256:ec9ef8f4a9bc6f71eec99e1806bfa2de401650d996c59330782b89a5555c1497"
            ],
            "version": "==4.3.4"
        },
        "lazy-object-proxy": {
            "hashes": [
                "sha256:0ce34342b419bd8f018e6666bfef729aec3edf62345a53b537a4dcc115746a33",
                "sha256:1b668120716eb7ee21d8a38815e5eb3bb8211117d9a90b0f8e21722c0758cc39",
                "sha256:209615b0fe4624d79e50220ce3310ca1a9445fd8e6d3572a896e7f9146bbf019",
                "sha256:27bf62cb2b1a2068d443ff7097ee33393f8483b570b475db8ebf7e1cba64f088",
                "sha256:27ea6fd1c02dcc78172a82fc37fcc0992a94e4cecf53cb6d73f11749825bd98b",
                "sha256:2c1b21b44ac9beb0fc848d3993924147ba45c4ebc24be19825e57aabbe74a99e",
                "sha256:2df72ab12046a3496a92476020a1a0abf78b2a7db9ff4dc2036b8dd980203ae6",
                "sha256:320ffd3de9699d3892048baee45ebfbbf9388a7d65d832d7e580243ade426d2b",
                "sha256:50e3b9a464d5d08cc5227413db0d1c4707b6172e4d4d915c1c70e4de0bbff1f5",
                "sha256:5276db7ff62bb7b52f77f1f51ed58850e315154249aceb42e7f4c611f0f847ff",
                "sha256:61a6cf00dcb1a7f0c773ed4acc509cb636af2d6337a08f362413c76b2b47a8dd",
                "sha256:6ae6c4cb59f199d8827c5a07546b2ab7e85d262acaccaacd49b62f53f7c456f7",
                "sha256:7661d401d60d8bf15bb5da39e4dd72f5d764c5aff5a86ef52a042506e3e970ff",
                "sha256:7bd527f36a605c914efca5d3d014170b2cb184723e423d26b1fb2fd9108e264d",
                "sha256:7cb54db3535c8686ea12e9535eb087d32421184eacc6939ef15ef50f83a5e7e2",
                "sha256:7f3a2d740291f7f2c111d86a1c4851b70fb000a6c8883a59660d95ad57b9df35",
                "sha256:81304b7d8e9c824d058087dcb89144842c8e0dea6d281c031f59f0acf66963d4",
                "sha256:933947e8b4fbe617a51528b09851685138b49d511af0b6c0da2539115d6d4514",
                "sha256:94223d7f060301b3a8c09c9b3bc3294b56b2188e7d8179c762a1cda72c979252",
                "sha256:ab3ca49afcb47058393b0122428358d2fbe0408cf99f1b58b295cfeb4ed39109",
                "sha256:bd6292f565ca46dee4e737ebcc20742e3b5be2b01556dafe169f6c65d088875f",
                "sha256:cb924aa3e4a3fb644d0c463cad5bc2572649a6a3f68a7f8e4fbe44aaa6d77e4c",
                "sha256:d0fc7a286feac9077ec52a927fc9fe8fe2fabab95426722be4c953c9a8bede92",
                "sha256:ddc34786490a6e4ec0a855d401034cbd1242ef186c20d79d2166d6a4bd449577",
                "sha256:e34b155e36fa9da7e1b7c738ed7767fc9491a62ec6af70fe9da4a057759edc2d",
                "sha256:e5b9e8f6bda48460b7b143c3821b21b452cb3a835e6bbd5dd33aa0c8d3f5137d",
                "sha256:e81ebf6c5ee9684be8f2c87563880f93eedd56dd2b6146d8a725b50b7e5adb0f",
                "sha256:eb91be369f945f10d3a49f5f9be8b3d0b93a4c2be8f8a5b83b0571b8123e0a7a",
                "sha256:f460d1ceb0e4a5dcb2a652db0904224f367c9b3c1470d5a7683c0480e582468b"
            ],
            "version": "==1.3.1"
        },
        "mccabe": {
            "hashes": [
                "sha256:ab8a6258860da4b6677da4bd2fe5dc2c659cff31b3ee4f7f5d64e79735b80d42",
                "sha256:dd8d182285a0fe56bace7f45b5e7d1a6ebcbf524e8f3bd87eb0f125271b8831f"
            ],
            "version": "==0.6.1"
        },
        "mock": {
            "hashes": [
                "sha256:5ce3c71c5545b472da17b72268978914d0252980348636840bd34a00b5cc96c1",
                "sha256:b158b6df76edd239b8208d481dc46b6afd45a846b7812ff0ce58971cf5bc8bba"
            ],
            "index": "pypi",
            "version": "==2.0.0"
        },
        "pbr": {
            "hashes": [
                "sha256:f59d71442f9ece3dffc17bc36575768e1ee9967756e6b6535f0ee1f0054c3d68",
                "sha256:f6d5b23f226a2ba58e14e49aa3b1bfaf814d0199144b95d78458212444de1387"
            ],
            "version": "==5.1.1"
        },
        "pylint": {
            "hashes": [
                "sha256:1d6d3622c94b4887115fe5204982eee66fdd8a951cf98635ee5caee6ec98c3ec",
                "sha256:31142f764d2a7cd41df5196f9933b12b7ee55e73ef12204b648ad7e556c119fb"
            ],
            "index": "pypi",
            "version": "==2.1.1"
        },
        "six": {
            "hashes": [
                "sha256:70e8a77beed4562e7f14fe23a786b54f6296e34344c23bc42f07b15018ff98e9",
                "sha256:832dc0e10feb1aa2c68dcc57dbb658f1c7e65b9b61af69048abc87a2db00a0eb"
            ],
            "version": "==1.11.0"
        },
        "wrapt": {
            "hashes": [
                "sha256:d4d560d479f2c21e1b5443bbd15fe7ec4b37fe7e53d335d3b9b0a7b1226fe3c6"
            ],
            "version": "==1.10.11"
        }
    }
}
